github.com/TheAlgorithms/Python v0.0.0-20230110224702-1a27258bd6c3 h1:Do+hl6/aFAVAwCK14Hr3TeJAFi/Px3nCKVEqItcB0Ck=
github.com/TheAlgorithms/Python v0.0.0-20230110224702-1a27258bd6c3/go.mod h1:F7dS76S3ySyMEEnwbGW2r3xxID2ktqOAWSI/YH9zZrA=
github.com/codecrafters-io/build-your-own-x v0.0.0-20230123132738-0f4d4640e472 h1:ouNHLSXExuU1qR6n55LHNdeWXl7ljKa7UgCjkdqsGss=
github.com/codecrafters-io/build-your-own-x v0.0.0-20230123132738-0f4d4640e472/go.mod h1:ES+Ze1iqUHRKYAu4j1S/XvdV4Xo4vSnH/UQ8gmGGc60=
github.com/denoland/deno v1.29.4 h1:/bj7064lddL/0hpGTrexH3/7vIScLSU62cLdACTmw6M=
github.com/denoland/deno v1.29.4/go.mod h1:g8oivHSptXwdG6RBnFfwVc2ZNcvmFq9ghe2Dv18p8zg=
github.com/donnemartin/system-design-primer v0.0.0-20221211200651-2d8231663fd0 h1:N4NFvfQUEcxJuU7g4qv71dWfmYyeC9aR13wZyImyfkg=
github.com/donnemartin/system-design-primer v0.0.0-20221211200651-2d8231663fd0/go.mod h1:saNkx9D6VrQ8oVdiWu6maSosdBcPB9toZ6PSaotsfII=
github.com/getify/You-Dont-Know-JS v0.0.0-20221023130944-5b3eda57d417 h1:8/6UVzWESP2AgPz2/RGIVUOXzmx2SW8PZVPnFoocO0c=
github.com/getify/You-Dont-Know-JS v0.0.0-20221023130944-5b3eda57d417/go.mod h1:9ZY8GX3qJ0RGDxXZOnFoBUmv8sC+rtW4Mwnl5DLLrpA=
github.com/kamranahmedse/developer-roadmap v0.0.0-20230125110620-6783d7ea44d8 h1:gfrcUkAyaHL3PZqhs7uF3qawA5dnrndQGFhAw0m+uVQ=
github.com/kamranahmedse/developer-roadmap v0.0.0-20230125110620-6783d7ea44d8/go.mod h1:E/54urE7j9jkF/NaxsEw+UMS3E1J+WV3tTipouzoknA=
github.com/ohmyzsh/ohmyzsh v0.0.0-20230125171220-657ad0523d5a h1:GyIOZQtwZyYHKCqV5P2HaXTAry2rRK0USZah+3vX4Qs=
github.com/ohmyzsh/ohmyzsh v0.0.0-20230125171220-657ad0523d5a/go.mod h1:0gMycj2moaVC8kBRlGQju0LEb256B/de+FMnQftKbJA=
github.com/public-apis/public-apis v0.0.0-20220719133916-055f7b058049 h1:kzgA2EhqVDPHcPW7qKfd7/LDwRyVEZ9qXHLU9rgWvnk=
github.com/public-apis/public-apis v0.0.0-20220719133916-055f7b058049/go.mod h1:uG4f3L/lPfm8QmB2sRQWJgupJxk5/mxiHpAAA/hU6PY=
github.com/trekhleb/javascript-algorithms v0.0.0-20230124084312-4b4d77071cee h1:329w4s9LPQKRmfYOE4k35v3NRHGQUt6ab3tzjTFtSjU=
github.com/trekhleb/javascript-algorithms v0.0.0-20230124084312-4b4d77071cee/go.mod h1:n+gvEW03doR0WDEA5gp5tywFQq8xaFtReyByvIrWzmY=
github.com/vinta/awesome-python v0.0.0-20230105122951-091e9e6c4e4e h1:zE5hDa8Jz1uGlmjZrMdptBqq1e9/2Jzv0p+lBDJFXRo=
github.com/vinta/awesome-python v0.0.0-20230105122951-091e9e6c4e4e/go.mod h1:rsHSUhuj4PjE1t0zPeyYYk9XCZ/tTcAEpNIh8gCl/JM=
github.com/vuejs/vue v2.7.14+incompatible h1:FAeOdPrGMTFfbs79kHstP1OShN0ReKqxBIPkOVTv8m4=
github.com/vuejs/vue v2.7.14+incompatible/go.mod h1:Femy+JIVeL+diAzuoK5RdY37rwxPXLN78HZo0XLBFDQ=
